{
  "version": 4,
  "terraform_version": "1.9.8",
  "serial": 6,
  "lineage": "88aaaf01-5188-0189-3a73-24551930b457",
  "outputs": {},
  "resources": [
    {
      "mode": "managed",
      "type": "aws_key_pair",
      "name": "deployer",
      "provider": "provider[\"registry.terraform.io/hashicorp/aws\"]",
      "instances": [
        {
          "schema_version": 1,
          "attributes": {
            "arn": "arn:aws:ec2:eu-west-1:030635937450:key-pair/rayen-key",
            "fingerprint": "d8:68:4b:c0:ad:9b:cd:75:a0:dc:ef:e7:8b:85:b9:75",
            "id": "rayen-key",
            "key_name": "rayen-key",
            "key_name_prefix": "",
            "key_pair_id": "key-00c4df631cf29c508",
            "key_type": "rsa",
            "public_key": "ssh-rsa AAAAB3NzaC1yc2EAAAADAQABAAABAQDutUreVu92jCEQ6mBKQLMkt6D89/V/VdujLkvq7shUmbDySu3T6ASoxC6Pr4rZDDZ5DF8U+Un1Izb6yt/ZH6Y7g7Jr2Jfwq792R5EOs6ND6ZQXlgl2Au55vPtuBFWP+b4zgkxLlvpbwyh9PcAo6fAVkKskvmJqS6/gNbw5G48G1aJd1f/tSQQiAhqZJOnynt72Z3oqYOs7GOvfT5Mb08eXr2zI10HMkaS00v+YzX/N/00BQRdWqgjwaVIdj9fmgCNLCZRWr1wryA1B+fOyC0R2k3j0Y0cpKNMYinalpkyjqRdNLrDoCcsB9LCYRcwTf1HXS1VNRyEImR873ECVGcq9 aouin@CHITO",
            "region": "eu-west-1",
            "tags": {},
            "tags_all": {}
          },
          "sensitive_attributes": [],
          "private": "eyJzY2hlbWFfdmVyc2lvbiI6IjEifQ=="
        }
      ]
    },
    {
      "mode": "managed",
      "type": "aws_security_group",
      "name": "allow_ssh",
      "provider": "provider[\"registry.terraform.io/hashicorp/aws\"]",
      "instances": [
        {
          "schema_version": 1,
          "attributes": {
            "arn": "arn:aws:ec2:eu-west-1:030635937450:security-group/sg-054d623f57acfd0b9",
            "description": "Managed by Terraform",
            "egress": [
              {
                "cidr_blocks": [
                  "0.0.0.0/0"
                ],
                "description": "",
                "from_port": 0,
                "ipv6_cidr_blocks": [],
                "prefix_list_ids": [],
                "protocol": "-1",
                "security_groups": [],
                "self": false,
                "to_port": 0
              }
            ],
            "id": "sg-054d623f57acfd0b9",
            "ingress": [
              {
                "cidr_blocks": [
                  "0.0.0.0/0"
                ],
                "description": "",
                "from_port": 22,
                "ipv6_cidr_blocks": [],
                "prefix_list_ids": [],
                "protocol": "tcp",
                "security_groups": [],
                "self": false,
                "to_port": 22
              }
            ],
            "name": "allow_ssh",
            "name_prefix": "",
            "owner_id": "030635937450",
            "region": "eu-west-1",
            "revoke_rules_on_delete": false,
            "tags": {},
            "tags_all": {},
            "timeouts": null,
            "vpc_id": "vpc-0a03d023dd0a0dcb7"
          },
          "sensitive_attributes": [],
          "private": "eyJlMmJmYjczMC1lY2FhLTExZTYtOGY4OC0zNDM2M2JjN2M0YzAiOnsiY3JlYXRlIjo2MDAwMDAwMDAwMDAsImRlbGV0ZSI6OTAwMDAwMDAwMDAwfSwic2NoZW1hX3ZlcnNpb24iOiIxIn0="
        }
      ]
    }
  ],
  "check_results": null
}
